
Microsoft Visual Studio Solution File, Format Version 12.00
# Visual Studio Version 17
VisualStudioVersion = 17.5.33414.496
MinimumVisualStudioVersion = 10.0.40219.1
Project("{FAE04EC0-301F-11D3-BF4B-00C04F79EFBC}") = "Tom_si_jerry", "Tom_si_jerry\Tom_si_jerry.csproj", "{32601058-1C77-44B9-BAEA-60A8388CAED1}"
EndProject
Global
	GlobalSection(SolutionConfigurationPlatforms) = preSolution
		Debug|Any CPU = Debug|Any CPU
		Release|Any CPU = Release|Any CPU
	EndGlobalSection
	GlobalSection(ProjectConfigurationPlatforms) = postSolution
		{32601058-1C77-44B9-BAEA-60A8388CAED1}.Debug|Any CPU.ActiveCfg = Debug|Any CPU
		{32601058-1C77-44B9-BAEA-60A8388CAED1}.Debug|Any CPU.Build.0 = Debug|Any CPU
		{32601058-1C77-44B9-BAEA-60A8388CAED1}.Release|Any CPU.ActiveCfg = Release|Any CPU
		{32601058-1C77-44B9-BAEA-60A8388CAED1}.Release|Any CPU.Build.0 = Release|Any CPU
	EndGlobalSection
	GlobalSection(SolutionProperties) = preSolution
		HideSolutionNode = FALSE
	EndGlobalSection
	GlobalSection(ExtensibilityGlobals) = postSolution
		SolutionGuid = {9CD71A90-2C15-4E19-BFD1-6009DCD43F3E}
	EndGlobalSection
EndGlobal
